PODS:
  - Alamofire (5.4.3)
  - SwiftLint (0.45.0)

DEPENDENCIES:
  - Alamofire (~> 5.4)
  - SwiftLint

SPEC REPOS:
  trunk:
    - Alamofire
    - SwiftLint

SPEC CHECKSUMS:
  Alamofire: e447a2774a40c996748296fa2c55112fdbbc42f9
  SwiftLint: e5c7f1fba68eccfc51509d5b2ce1699f5502e0c7

PODFILE CHECKSUM: 3637a59476183d7ffa9f300c34d96bc6b2256bf6

COCOAPODS: 1.10.1
